
Microsoft Visual Studio Solution File, Format Version 12.00
# Visual Studio Version 16
VisualStudioVersion = 16.0.31624.102
MinimumVisualStudioVersion = 10.0.40219.1
Project("{FAE04EC0-301F-11D3-BF4B-00C04F79EFBC}") = "CodeMigrationValidator", "CodeMigrationValidator\CodeMigrationValidator.csproj", "{772FBD0E-31B9-401D-BF26-12E0E100DDDB}"
EndProject
Global
	GlobalSection(SolutionConfigurationPlatforms) = preSolution
		Debug|Any CPU = Debug|Any CPU
		Release|Any CPU = Release|Any CPU
	EndGlobalSection
	GlobalSection(ProjectConfigurationPlatforms) = postSolution
		{772FBD0E-31B9-401D-BF26-12E0E100DDDB}.Debug|Any CPU.ActiveCfg = Debug|Any CPU
		{772FBD0E-31B9-401D-BF26-12E0E100DDDB}.Debug|Any CPU.Build.0 = Debug|Any CPU
		{772FBD0E-31B9-401D-BF26-12E0E100DDDB}.Release|Any CPU.ActiveCfg = Release|Any CPU
		{772FBD0E-31B9-401D-BF26-12E0E100DDDB}.Release|Any CPU.Build.0 = Release|Any CPU
	EndGlobalSection
	GlobalSection(SolutionProperties) = preSolution
		HideSolutionNode = FALSE
	EndGlobalSection
	GlobalSection(ExtensibilityGlobals) = postSolution
		SolutionGuid = {770F4561-DEC7-4540-93FC-7D9ED9781747}
	EndGlobalSection
EndGlobal
